// !$*UTF8*$!
{
	archiveVersion = 1;
	classes = {
	};
	objectVersion = 46;
	objects = {

/* Begin PBXBuildFile section */
		1A13ABED1A8973AE00EAA6D7 /* Security.framework in Frameworks */ = {isa = PBXBuildFile; fileRef = 1A13ABEB1A8973AE00EAA6D7 /* Security.framework */; };
		1A13ABEE1A8973AE00EAA6D7 /* SystemConfiguration.framework in Frameworks */ = {isa = PBXBuildFile; fileRef = 1A13ABEC1A8973AE00EAA6D7 /* SystemConfiguration.framework */; };
		1A13ABFE1A89748900EAA6D7 /* GTMOAuth2ViewTouch.xib in Resources */ = {isa = PBXBuildFile; fileRef = 1A13ABFD1A89748900EAA6D7 /* GTMOAuth2ViewTouch.xib */; };
		1A13AC011A8974B100EAA6D7 /* GTLDrive_Sources.m in Sources */ = {isa = PBXBuildFile; fileRef = 1A13ABFF1A8974B100EAA6D7 /* GTLDrive_Sources.m */; };
		1A13AC031A89752100EAA6D7 /* MobileCoreServices.framework in Frameworks */ = {isa = PBXBuildFile; fileRef = 1A13AC021A89752100EAA6D7 /* MobileCoreServices.framework */; };
		1AB72BD71A89733E00BB2300 /* main.m in Sources */ = {isa = PBXBuildFile; fileRef = 1AB72BD61A89733E00BB2300 /* main.m */; };
		1AB72BDA1A89733E00BB2300 /* AppDelegate.m in Sources */ = {isa = PBXBuildFile; fileRef = 1AB72BD91A89733E00BB2300 /* AppDelegate.m */; };
		1AB72BDD1A89733E00BB2300 /* ViewController.m in Sources */ = {isa = PBXBuildFile; fileRef = 1AB72BDC1A89733E00BB2300 /* ViewController.m */; };
		1AB72BE01A89733E00BB2300 /* Main.storyboard in Resources */ = {isa = PBXBuildFile; fileRef = 1AB72BDE1A89733E00BB2300 /* Main.storyboard */; };
		1AB72BE21A89733E00BB2300 /* Images.xcassets in Resources */ = {isa = PBXBuildFile; fileRef = 1AB72BE11A89733E00BB2300 /* Images.xcassets */; };
		1AB72BE51A89733E00BB2300 /* LaunchScreen.xib in Resources */ = {isa = PBXBuildFile; fileRef = 1AB72BE31A89733E00BB2300 /* LaunchScreen.xib */; };
		1AFC10D51A8978AF00D7D0CF /* libGTLTouchStaticLib.a in Frameworks */ = {isa = PBXBuildFile; fileRef = 1AFC10D01A8978A600D7D0CF /* libGTLTouchStaticLib.a */; };
		1AFC10D71A897EB600D7D0CF /* AssetsLibrary.framework in Frameworks */ = {isa = PBXBuildFile; fileRef = 1AFC10D61A897EB600D7D0CF /* AssetsLibrary.framework */; };
/* End PBXBuildFile section */

/* Begin PBXContainerItemProxy section */
		1AFC10CD1A8978A600D7D0CF /* PBXContainerItemProxy */ = {
			isa = PBXContainerItemProxy;
			containerPortal = 1AFC10C61A8978A600D7D0CF /* GTL.xcodeproj */;
			proxyType = 2;
			remoteGlobalIDString = 4F38F6A60B66E91D00B24B81;
			remoteInfo = GTLFramework;
		};
		1AFC10CF1A8978A600D7D0CF /* PBXContainerItemProxy */ = {
			isa = PBXContainerItemProxy;
			containerPortal = 1AFC10C61A8978A600D7D0CF /* GTL.xcodeproj */;
			proxyType = 2;
			remoteGlobalIDString = 4F12027C11A4CA2F00BEB470;
			remoteInfo = GTLTouchStaticLib;
		};
		1AFC10D11A8978A600D7D0CF /* PBXContainerItemProxy */ = {
			isa = PBXContainerItemProxy;
			containerPortal = 1AFC10C61A8978A600D7D0CF /* GTL.xcodeproj */;
			proxyType = 2;
			remoteGlobalIDString = 4F12027D11A4CA2F00BEB470;
			remoteInfo = GTLUnitTests;
		};
		1AFC10D31A8978A600D7D0CF /* PBXContainerItemProxy */ = {
			isa = PBXContainerItemProxy;
			containerPortal = 1AFC10C61A8978A600D7D0CF /* GTL.xcodeproj */;
			proxyType = 2;
			remoteGlobalIDString = 4F1AD9020B71603F00DC0485;
			remoteInfo = DevelopmentTestTool;
		};
/* End PBXContainerItemProxy section */

/* Begin PBXFileReference section */
		1A13ABEB1A8973AE00EAA6D7 /* Security.framework */ = {isa = PBXFileReference; lastKnownFileType = wrapper.framework; name = Security.framework; path = System/Library/Frameworks/Security.framework; sourceTree = SDKROOT; };
		1A13ABEC1A8973AE00EAA6D7 /* SystemConfiguration.framework */ = {isa = PBXFileReference; lastKnownFileType = wrapper.framework; name = SystemConfiguration.framework; path = System/Library/Frameworks/SystemConfiguration.framework; sourceTree = SDKROOT; };
		1A13ABFD1A89748900EAA6D7 /* GTMOAuth2ViewTouch.xib */ = {isa = PBXFileReference; fileEncoding = 4; lastKnownFileType = file.xib; path = GTMOAuth2ViewTouch.xib; sourceTree = "<group>"; };
		1A13ABFF1A8974B100EAA6D7 /* GTLDrive_Sources.m */ = {isa = PBXFileReference; fileEncoding = 4; lastKnownFileType = sourcecode.c.objc; path = GTLDrive_Sources.m; sourceTree = "<group>"; };
		1A13AC001A8974B100EAA6D7 /* GTLDrive.h */ = {isa = PBXFileReference; fileEncoding = 4; lastKnownFileType = sourcecode.c.h; path = GTLDrive.h; sourceTree = "<group>"; };
		1A13AC021A89752100EAA6D7 /* MobileCoreServices.framework */ = {isa = PBXFileReference; lastKnownFileType = wrapper.framework; name = MobileCoreServices.framework; path = System/Library/Frameworks/MobileCoreServices.framework; sourceTree = SDKROOT; };
		1AB72BD11A89733E00BB2300 /* Photo Drive.app */ = {isa = PBXFileReference; explicitFileType = wrapper.application; includeInIndex = 0; path = "Photo Drive.app"; sourceTree = BUILT_PRODUCTS_DIR; };
		1AB72BD51A89733E00BB2300 /* Info.plist */ = {isa = PBXFileReference; lastKnownFileType = text.plist.xml; path = Info.plist; sourceTree = "<group>"; };
		1AB72BD61A89733E00BB2300 /* main.m */ = {isa = PBXFileReference; lastKnownFileType = sourcecode.c.objc; path = main.m; sourceTree = "<group>"; };
		1AB72BD81A89733E00BB2300 /* AppDelegate.h */ = {isa = PBXFileReference; lastKnownFileType = sourcecode.c.h; path = AppDelegate.h; sourceTree = "<group>"; };
		1AB72BD91A89733E00BB2300 /* AppDelegate.m */ = {isa = PBXFileReference; lastKnownFileType = sourcecode.c.objc; path = AppDelegate.m; sourceTree = "<group>"; };
		1AB72BDB1A89733E00BB2300 /* ViewController.h */ = {isa = PBXFileReference; lastKnownFileType = sourcecode.c.h; path = ViewController.h; sourceTree = "<group>"; };
		1AB72BDC1A89733E00BB2300 /* ViewController.m */ = {isa = PBXFileReference; lastKnownFileType = sourcecode.c.objc; path = ViewController.m; sourceTree = "<group>"; };
		1AB72BDF1A89733E00BB2300 /* Base */ = {isa = PBXFileReference; lastKnownFileType = file.storyboard; name = Base; path = Base.lproj/Main.storyboard; sourceTree = "<group>"; };
		1AB72BE11A89733E00BB2300 /* Images.xcassets */ = {isa = PBXFileReference; lastKnownFileType = folder.assetcatalog; path = Images.xcassets; sourceTree = "<group>"; };
		1AB72BE41A89733E00BB2300 /* Base */ = {isa = PBXFileReference; lastKnownFileType = file.xib; name = Base; path = Base.lproj/LaunchScreen.xib; sourceTree = "<group>"; };
		1AFC10C61A8978A600D7D0CF /* GTL.xcodeproj */ = {isa = PBXFileReference; lastKnownFileType = "wrapper.pb-project"; name = GTL.xcodeproj; path = "google-api/Source/GTL.xcodeproj"; sourceTree = "<group>"; };
		1AFC10D61A897EB600D7D0CF /* AssetsLibrary.framework */ = {isa = PBXFileReference; lastKnownFileType = wrapper.framework; name = AssetsLibrary.framework; path = System/Library/Frameworks/AssetsLibrary.framework; sourceTree = SDKROOT; };
/* End PBXFileReference section */

/* Begin PBXFrameworksBuildPhase section */
		1AB72BCE1A89733E00BB2300 /* Frameworks */ = {
			isa = PBXFrameworksBuildPhase;
			buildActionMask = 2147483647;
			files = (
				1AFC10D71A897EB600D7D0CF /* AssetsLibrary.framework in Frameworks */,
				1AFC10D51A8978AF00D7D0CF /* libGTLTouchStaticLib.a in Frameworks */,
				1A13AC031A89752100EAA6D7 /* MobileCoreServices.framework in Frameworks */,
				1A13ABED1A8973AE00EAA6D7 /* Security.framework in Frameworks */,
				1A13ABEE1A8973AE00EAA6D7 /* SystemConfiguration.framework in Frameworks */,
			);
			runOnlyForDeploymentPostprocessing = 0;
		};
/* End PBXFrameworksBuildPhase section */

/* Begin PBXGroup section */
		1AB72BC81A89733E00BB2300 = {
			isa = PBXGroup;
			children = (
				1AFC10D61A897EB600D7D0CF /* AssetsLibrary.framework */,
				1AFC10C61A8978A600D7D0CF /* GTL.xcodeproj */,
				1A13AC021A89752100EAA6D7 /* MobileCoreServices.framework */,
				1A13ABEB1A8973AE00EAA6D7 /* Security.framework */,
				1A13ABEC1A8973AE00EAA6D7 /* SystemConfiguration.framework */,
				1AB72BD31A89733E00BB2300 /* Photo Drive */,
				1AB72BD21A89733E00BB2300 /* Products */,
			);
			sourceTree = "<group>";
		};
		1AB72BD21A89733E00BB2300 /* Products */ = {
			isa = PBXGroup;
			children = (
				1AB72BD11A89733E00BB2300 /* Photo Drive.app */,
			);
			name = Products;
			sourceTree = "<group>";
		};
		1AB72BD31A89733E00BB2300 /* Photo Drive */ = {
			isa = PBXGroup;
			children = (
				1A13ABFF1A8974B100EAA6D7 /* GTLDrive_Sources.m */,
				1A13AC001A8974B100EAA6D7 /* GTLDrive.h */,
				1AB72BD81A89733E00BB2300 /* AppDelegate.h */,
				1AB72BD91A89733E00BB2300 /* AppDelegate.m */,
				1AB72BDB1A89733E00BB2300 /* ViewController.h */,
				1AB72BDC1A89733E00BB2300 /* ViewController.m */,
				1AB72BDE1A89733E00BB2300 /* Main.storyboard */,
				1AB72BE11A89733E00BB2300 /* Images.xcassets */,
				1AB72BE31A89733E00BB2300 /* LaunchScreen.xib */,
				1AB72BD41A89733E00BB2300 /* Supporting Files */,
			);
			path = "Photo Drive";
			sourceTree = "<group>";
		};
		1AB72BD41A89733E00BB2300 /* Supporting Files */ = {
			isa = PBXGroup;
			children = (
				1A13ABFD1A89748900EAA6D7 /* GTMOAuth2ViewTouch.xib */,
				1AB72BD51A89733E00BB2300 /* Info.plist */,
				1AB72BD61A89733E00BB2300 /* main.m */,
			);
			name = "Supporting Files";
			sourceTree = "<group>";
		};
		1AFC10C71A8978A600D7D0CF /* Products */ = {
			isa = PBXGroup;
			children = (
				1AFC10CE1A8978A600D7D0CF /* GTL.framework */,
				1AFC10D01A8978A600D7D0CF /* libGTLTouchStaticLib.a */,
				1AFC10D21A8978A600D7D0CF /* GTLUnitTests.xctest */,
				1AFC10D41A8978A600D7D0CF /* DevelopmentTestTool */,
			);
			name = Products;
			sourceTree = "<group>";
		};
/* End PBXGroup section */

/* Begin PBXNativeTarget section */
		1AB72BD01A89733E00BB2300 /* Photo Drive */ = {
			isa = PBXNativeTarget;
			buildConfigurationList = 1AB72BF41A89733E00BB2300 /* Build configuration list for PBXNativeTarget "Photo Drive" */;
			buildPhases = (
				1AB72BCD1A89733E00BB2300 /* Sources */,
				1AB72BCE1A89733E00BB2300 /* Frameworks */,
				1AB72BCF1A89733E00BB2300 /* Resources */,
			);
			buildRules = (
			);
			dependencies = (
			);
			name = "Photo Drive";
			productName = "Photo Drive";
			productReference = 1AB72BD11A89733E00BB2300 /* Photo Drive.app */;
			productType = "com.apple.product-type.application";
		};
/* End PBXNativeTarget section */

/* Begin PBXProject section */
		1AB72BC91A89733E00BB2300 /* Project object */ = {
			isa = PBXProject;
			attributes = {
				LastUpgradeCheck = 0610;
				ORGANIZATIONNAME = JamesFator;
				TargetAttributes = {
					1AB72BD01A89733E00BB2300 = {
						CreatedOnToolsVersion = 6.1.1;
						DevelopmentTeam = W254R8M4X7;
					};
				};
			};
			buildConfigurationList = 1AB72BCC1A89733E00BB2300 /* Build configuration list for PBXProject "Photo Drive" */;
			compatibilityVersion = "Xcode 3.2";
			developmentRegion = English;
			hasScannedForEncodings = 0;
			knownRegions = (
				en,
				Base,
			);
			mainGroup = 1AB72BC81A89733E00BB2300;
			productRefGroup = 1AB72BD21A89733E00BB2300 /* Products */;
			projectDirPath = "";
			projectReferences = (
				{
					ProductGroup = 1AFC10C71A8978A600D7D0CF /* Products */;
					ProjectRef = 1AFC10C61A8978A600D7D0CF /* GTL.xcodeproj */;
				},
			);
			projectRoot = "";
			targets = (
				1AB72BD01A89733E00BB2300 /* Photo Drive */,
			);
		};
/* End PBXProject section */

/* Begin PBXReferenceProxy section */
		1AFC10CE1A8978A600D7D0CF /* GTL.framework */ = {
			isa = PBXReferenceProxy;
			fileType = wrapper.framework;
			path = GTL.framework;
			remoteRef = 1AFC10CD1A8978A600D7D0CF /* PBXContainerItemProxy */;
			sourceTree = BUILT_PRODUCTS_DIR;
		};
		1AFC10D01A8978A600D7D0CF /* libGTLTouchStaticLib.a */ = {
			isa = PBXReferenceProxy;
			fileType = archive.ar;
			path = libGTLTouchStaticLib.a;
			remoteRef = 1AFC10CF1A8978A600D7D0CF /* PBXContainerItemProxy */;
			sourceTree = BUILT_PRODUCTS_DIR;
		};
		1AFC10D21A8978A600D7D0CF /* GTLUnitTests.xctest */ = {
			isa = PBXReferenceProxy;
			fileType = wrapper.cfbundle;
			path = GTLUnitTests.xctest;
			remoteRef = 1AFC10D11A8978A600D7D0CF /* PBXContainerItemProxy */;
			sourceTree = BUILT_PRODUCTS_DIR;
		};
		1AFC10D41A8978A600D7D0CF /* DevelopmentTestTool */ = {
			isa = PBXReferenceProxy;
			fileType = "compiled.mach-o.executable";
			path = DevelopmentTestTool;
			remoteRef = 1AFC10D31A8978A600D7D0CF /* PBXContainerItemProxy */;
			sourceTree = BUILT_PRODUCTS_DIR;
		};
/* End PBXReferenceProxy section */

/* Begin PBXResourcesBuildPhase section */
		1AB72BCF1A89733E00BB2300 /* Resources */ = {
			isa = PBXResourcesBuildPhase;
			buildActionMask = 2147483647;
			files = (
				1A13ABFE1A89748900EAA6D7 /* GTMOAuth2ViewTouch.xib in Resources */,
				1AB72BE01A89733E00BB2300 /* Main.storyboard in Resources */,
				1AB72BE51A89733E00BB2300 /* LaunchScreen.xib in Resources */,
				1AB72BE21A89733E00BB2300 /* Images.xcassets in Resources */,
			);
			runOnlyForDeploymentPostprocessing = 0;
		};
/* End PBXResourcesBuildPhase section */

/* Begin PBXSourcesBuildPhase section */
		1AB72BCD1A89733E00BB2300 /* Sources */ = {
			isa = PBXSourcesBuildPhase;
			buildActionMask = 2147483647;
			files = (
				1AB72BDD1A89733E00BB2300 /* ViewController.m in Sources */,
				1A13AC011A8974B100EAA6D7 /* GTLDrive_Sources.m in Sources */,
				1AB72BDA1A89733E00BB2300 /* AppDelegate.m in Sources */,
				1AB72BD71A89733E00BB2300 /* main.m in Sources */,
			);
			runOnlyForDeploymentPostprocessing = 0;
		};
/* End PBXSourcesBuildPhase section */

/* Begin PBXVariantGroup section */
		1AB72BDE1A89733E00BB2300 /* Main.storyboard */ = {
			isa = PBXVariantGroup;
			children = (
				1AB72BDF1A89733E00BB2300 /* Base */,
			);
			name = Main.storyboard;
			sourceTree = "<group>";
		};
		1AB72BE31A89733E00BB2300 /* LaunchScreen.xib */ = {
			isa = PBXVariantGroup;
			children = (
				1AB72BE41A89733E00BB2300 /* Base */,
			);
			name = LaunchScreen.xib;
			sourceTree = "<group>";
		};
/* End PBXVariantGroup section */

/* Begin XCBuildConfiguration section */
		1AB72BF21A89733E00BB2300 /* Debug */ = {
			isa = XCBuildConfiguration;
			buildSettings = {
				ALWAYS_SEARCH_USER_PATHS = NO;
				CLANG_CXX_LANGUAGE_STANDARD = "gnu++0x";
				CLANG_CXX_LIBRARY = "libc++";
				CLANG_ENABLE_MODULES = YES;
				CLANG_ENABLE_OBJC_ARC = YES;
				CLANG_WARN_BOOL_CONVERSION = YES;
				CLANG_WARN_CONSTANT_CONVERSION = YES;
				CLANG_WARN_DIRECT_OBJC_ISA_USAGE = YES_ERROR;
				CLANG_WARN_EMPTY_BODY = YES;
				CLANG_WARN_ENUM_CONVERSION = YES;
				CLANG_WARN_INT_CONVERSION = YES;
				CLANG_WARN_OBJC_ROOT_CLASS = YES_ERROR;
				CLANG_WARN_UNREACHABLE_CODE = YES;
				CLANG_WARN__DUPLICATE_METHOD_MATCH = YES;
				"CODE_SIGN_IDENTITY[sdk=iphoneos*]" = "iPhone Developer";
				COPY_PHASE_STRIP = NO;
				ENABLE_STRICT_OBJC_MSGSEND = YES;
				GCC_C_LANGUAGE_STANDARD = gnu99;
				GCC_DYNAMIC_NO_PIC = NO;
				GCC_OPTIMIZATION_LEVEL = 0;
				GCC_PREPROCESSOR_DEFINITIONS = (
					"DEBUG=1",
					"$(inherited)",
				);
				GCC_SYMBOLS_PRIVATE_EXTERN = NO;
				GCC_WARN_64_TO_32_BIT_CONVERSION = YES;
				GCC_WARN_ABOUT_RETURN_TYPE = YES_ERROR;
				GCC_WARN_UNDECLARED_SELECTOR = YES;
				GCC_WARN_UNINITIALIZED_AUTOS = YES_AGGRESSIVE;
				GCC_WARN_UNUSED_FUNCTION = YES;
				GCC_WARN_UNUSED_VARIABLE = YES;
				IPHONEOS_DEPLOYMENT_TARGET = 8.1;
				MTL_ENABLE_DEBUG_INFO = YES;
				ONLY_ACTIVE_ARCH = YES;
				OTHER_LDFLAGS = (
					"-ObjC",
					"-all_load",
				);
				SDKROOT = iphoneos;
			};
			name = Debug;
		};
		1AB72BF31A89733E00BB2300 /* Release */ = {
			isa = XCBuildConfiguration;
			buildSettings = {
				ALWAYS_SEARCH_USER_PATHS = NO;
				CLANG_CXX_LANGUAGE_STANDARD = "gnu++0x";
				CLANG_CXX_LIBRARY = "libc++";
				CLANG_ENABLE_MODULES = YES;
				CLANG_ENABLE_OBJC_ARC = YES;
				CLANG_WARN_BOOL_CONVERSION = YES;
				CLANG_WARN_CONSTANT_CONVERSION = YES;
				CLANG_WARN_DIRECT_OBJC_ISA_USAGE = YES_ERROR;
				CLANG_WARN_EMPTY_BODY = YES;
				CLANG_WARN_ENUM_CONVERSION = YES;
				CLANG_WARN_INT_CONVERSION = YES;
				CLANG_WARN_OBJC_ROOT_CLASS = YES_ERROR;
				CLANG_WARN_UNREACHABLE_CODE = YES;
				CLANG_WARN__DUPLICATE_METHOD_MATCH = YES;
				"CODE_SIGN_IDENTITY[sdk=iphoneos*]" = "iPhone Developer";
				COPY_PHASE_STRIP = YES;
				ENABLE_NS_ASSERTIONS = NO;
				ENABLE_STRICT_OBJC_MSGSEND = YES;
				GCC_C_LANGUAGE_STANDARD = gnu99;
				GCC_WARN_64_TO_32_BIT_CONVERSION = YES;
				GCC_WARN_ABOUT_RETURN_TYPE = YES_ERROR;
				GCC_WARN_UNDECLARED_SELECTOR = YES;
				GCC_WARN_UNINITIALIZED_AUTOS = YES_AGGRESSIVE;
				GCC_WARN_UNUSED_FUNCTION = YES;
				GCC_WARN_UNUSED_VARIABLE = YES;
				IPHONEOS_DEPLOYMENT_TARGET = 8.1;
				MTL_ENABLE_DEBUG_INFO = NO;
				OTHER_LDFLAGS = (
					"-ObjC",
					"-all_load",
				);
				SDKROOT = iphoneos;
				VALIDATE_PRODUCT = YES;
			};
			name = Release;
		};
		1AB72BF51A89733E00BB2300 /* Debug */ = {
			isa = XCBuildConfiguration;
			buildSettings = {
				ARCHS = "$(ARCHS_STANDARD)";
				ASSETCATALOG_COMPILER_APPICON_NAME = AppIcon;
				CODE_SIGN_IDENTITY = "iPhone Developer";
				INFOPLIST_FILE = "Photo Drive/Info.plist";
				LD_RUNPATH_SEARCH_PATHS = "$(inherited) @executable_path/Frameworks";
				ONLY_ACTIVE_ARCH = NO;
				OTHER_LDFLAGS = (
					"-ObjC",
					"-all_load",
				);
				PRODUCT_NAME = "$(TARGET_NAME)";
				USER_HEADER_SEARCH_PATHS = "./google-api/Source/**";
				VALID_ARCHS = "armv7 armv7s";
			};
			name = Debug;
		};
		1AB72BF61A89733E00BB2300 /* Release */ = {
			isa = XCBuildConfiguration;
			buildSettings = {
				ARCHS = "$(ARCHS_STANDARD)";
				ASSETCATALOG_COMPILER_APPICON_NAME = AppIcon;
				CODE_SIGN_IDENTITY = "iPhone Developer";
				INFOPLIST_FILE = "Photo Drive/Info.plist";
				LD_RUNPATH_SEARCH_PATHS = "$(inherited) @executable_path/Frameworks";
				ONLY_ACTIVE_ARCH = NO;
				OTHER_LDFLAGS = (
					"-ObjC",
					"-all_load",
				);
				PRODUCT_NAME = "$(TARGET_NAME)";
				USER_HEADER_SEARCH_PATHS = "./google-api/Source/**";
				VALID_ARCHS = "armv7 armv7s";
			};
			name = Release;
		};
/* End XCBuildConfiguration section */

/* Begin XCConfigurationList section */
		1AB72BCC1A89733E00BB2300 /* Build configuration list for PBXProject "Photo Drive" */ = {
			isa = XCConfigurationList;
			buildConfigurations = (
				1AB72BF21A89733E00BB2300 /* Debug */,
				1AB72BF31A89733E00BB2300 /* Release */,
			);
			defaultConfigurationIsVisible = 0;
			defaultConfigurationName = Release;
		};
		1AB72BF41A89733E00BB2300 /* Build configuration list for PBXNativeTarget "Photo Drive" */ = {
			isa = XCConfigurationList;
			buildConfigurations = (
				1AB72BF51A89733E00BB2300 /* Debug */,
				1AB72BF61A89733E00BB2300 /* Release */,
			);
			defaultConfigurationIsVisible = 0;
			defaultConfigurationName = Release;
		};
/* End XCConfigurationList section */
	};
	rootObject = 1AB72BC91A89733E00BB2300 /* Project object */;
}
